
Microsoft Visual Studio Solution File, Format Version 12.00
# Visual Studio Version 16
VisualStudioVersion = 16.0.30523.141
MinimumVisualStudioVersion = 10.0.40219.1
Project("{FAE04EC0-301F-11D3-BF4B-00C04F79EFBC}") = "TalentHub", "TalentHub\TalentHub.csproj", "{73BA7AAD-E4D1-4783-8F6B-7F5EB8338320}"
EndProject
Global
	GlobalSection(SolutionConfigurationPlatforms) = preSolution
		Debug|Any CPU = Debug|Any CPU
		Release|Any CPU = Release|Any CPU
	EndGlobalSection
	GlobalSection(ProjectConfigurationPlatforms) = postSolution
		{73BA7AAD-E4D1-4783-8F6B-7F5EB8338320}.Debug|Any CPU.ActiveCfg = Debug|Any CPU
		{73BA7AAD-E4D1-4783-8F6B-7F5EB8338320}.Debug|Any CPU.Build.0 = Debug|Any CPU
		{73BA7AAD-E4D1-4783-8F6B-7F5EB8338320}.Release|Any CPU.ActiveCfg = Release|Any CPU
		{73BA7AAD-E4D1-4783-8F6B-7F5EB8338320}.Release|Any CPU.Build.0 = Release|Any CPU
	EndGlobalSection
	GlobalSection(SolutionProperties) = preSolution
		HideSolutionNode = FALSE
	EndGlobalSection
	GlobalSection(ExtensibilityGlobals) = postSolution
		SolutionGuid = {0BEC6520-5A2E-4521-BB87-ECC6426B90E0}
	EndGlobalSection
EndGlobal
